{
  "name": "gridsome-starter-blog",
  "requires": true,
  "lockfileVersion": 1,
  "dependencies": {
    "@sanity/block-content-to-hyperscript": {
      "version": "2.0.8",
      "resolved": "https://registry.npmjs.org/@sanity/block-content-to-hyperscript/-/block-content-to-hyperscript-2.0.8.tgz",
      "integrity": "sha512-rh1tSxMDHbcCK/7YyHxoK8NLhalNsbc+eYS+OM/4tE0RGq0TIYJqsM0Ifv+8h0ok5zf5vshFcoBf2YNRskdBIg==",
      "requires": {
        "@sanity/generate-help-url": "^0.140.0",
        "@sanity/image-url": "^0.140.12",
        "hyperscript": "^2.0.2",
        "object-assign": "^4.1.1"
      }
    },
    "@sanity/generate-help-url": {
      "version": "0.140.0",
      "resolved": "https://registry.npmjs.org/@sanity/generate-help-url/-/generate-help-url-0.140.0.tgz",
      "integrity": "sha512-H/G/WA9S22TXcXST52CIiTsHx3S2hH0gvK7LnI5w76vfKS0obnDPh8jrPg4xeNRYGPuV9MHYRlyERGpRGoo4Qw=="
    },
    "@sanity/image-url": {
      "version": "0.140.12",
      "resolved": "https://registry.npmjs.org/@sanity/image-url/-/image-url-0.140.12.tgz",
      "integrity": "sha512-/f+k4oibAgWVJ4rytCtvI09Frgl+xQJerYMn8CnBLofJEDq/3zHB+YBwS53ffCIHDpi/I5FL70zBGtUx64ZAnA=="
    },
    "browser-split": {
      "version": "0.0.0",
      "resolved": "https://registry.npmjs.org/browser-split/-/browser-split-0.0.0.tgz",
      "integrity": "sha1-QUGcrvdpdVkp3VGJZ9PuwKYmJ3E="
    },
    "class-list": {
      "version": "0.1.1",
      "resolved": "https://registry.npmjs.org/class-list/-/class-list-0.1.1.tgz",
      "integrity": "sha1-m5dFGSxBebXaCg12M2WOPHDXlss=",
      "requires": {
        "indexof": "0.0.1"
      }
    },
    "dotenv": {
      "version": "8.1.0",
      "resolved": "https://registry.npmjs.org/dotenv/-/dotenv-8.1.0.tgz",
      "integrity": "sha512-GUE3gqcDCaMltj2++g6bRQ5rBJWtkWTmqmD0fo1RnnMuUqHNCt2oTPeDnS9n6fKYvlhn7AeBkb38lymBtWBQdA=="
    },
    "gridsome-source-sanity": {
      "version": "0.0.1",
      "requires": {
        "@sanity/client": "^0.140.32",
        "axios": "^0.19.0",
        "debug": "^4.1.1",
        "graphql": "^14.3.1",
        "lodash": "^4.17.11",
        "oneline": "^1.0.3",
        "pump": "^3.0.0",
        "split2": "^3.1.1",
        "through2": "^3.0.1"
      }
    },
    "html-element": {
      "version": "2.3.0",
      "resolved": "https://registry.npmjs.org/html-element/-/html-element-2.3.0.tgz",
      "integrity": "sha512-axsAv89JAxk/zSSOn+jK5dJ1eAUVSkienyIcruAe/kD5skC/E/HxjFfCfNYv8+A9m7BXR9kfL4ZD1ZobUfUWzQ==",
      "requires": {
        "class-list": "~0.1.1"
      }
    },
    "hyperscript": {
      "version": "2.0.2",
      "resolved": "https://registry.npmjs.org/hyperscript/-/hyperscript-2.0.2.tgz",
      "integrity": "sha1-ODnLpFVUvf4nu4HCFC0WhPgTWvU=",
      "requires": {
        "browser-split": "0.0.0",
        "class-list": "~0.1.0",
        "html-element": "^2.0.0"
      }
    },
    "indexof": {
      "version": "0.0.1",
      "resolved": "https://registry.npmjs.org/indexof/-/indexof-0.0.1.tgz",
      "integrity": "sha1-gtwzbSMrkGIXnQWrMpOmYFn9Q10="
    },
    "object-assign": {
      "version": "4.1.1",
      "resolved": "https://registry.npmjs.org/object-assign/-/object-assign-4.1.1.tgz",
      "integrity": "sha1-IQmtx5ZYh8/AXLvUQsrIv7s2CGM="
    },
    "sanity-blocks-vue-component": {
      "version": "0.1.0",
      "resolved": "https://registry.npmjs.org/sanity-blocks-vue-component/-/sanity-blocks-vue-component-0.1.0.tgz",
      "integrity": "sha512-2s7iAZ5zKJuSHVOi0RArrs3H3zUWnhgSaUn0HN8hFHqPL/8xuiCGoi50h8lGHHzrQShfxX6lVoEBw9NVEry5gw==",
      "requires": {
        "@sanity/block-content-to-hyperscript": "^2.0.5",
        "object-assign": "^4.1.1"
      }
    }
  }
}
